
Microsoft Visual Studio Solution File, Format Version 12.00
# Visual Studio 15
VisualStudioVersion = 15.0.26730.16
MinimumVisualStudioVersion = 10.0.40219.1
Project("{FAE04EC0-301F-11D3-BF4B-00C04F79EFBC}") = "ChatBot", "ChatBot\ChatBot.csproj", "{B63A755C-F799-4DD3-8C52-D667C353F0A5}"
EndProject
Global
	GlobalSection(SolutionConfigurationPlatforms) = preSolution
		Debug|Any CPU = Debug|Any CPU
		Release|Any CPU = Release|Any CPU
	EndGlobalSection
	GlobalSection(ProjectConfigurationPlatforms) = postSolution
		{B63A755C-F799-4DD3-8C52-D667C353F0A5}.Debug|Any CPU.ActiveCfg = Debug|Any CPU
		{B63A755C-F799-4DD3-8C52-D667C353F0A5}.Debug|Any CPU.Build.0 = Debug|Any CPU
		{B63A755C-F799-4DD3-8C52-D667C353F0A5}.Release|Any CPU.ActiveCfg = Release|Any CPU
		{B63A755C-F799-4DD3-8C52-D667C353F0A5}.Release|Any CPU.Build.0 = Release|Any CPU
	EndGlobalSection
	GlobalSection(SolutionProperties) = preSolution
		HideSolutionNode = FALSE
	EndGlobalSection
	GlobalSection(ExtensibilityGlobals) = postSolution
		SolutionGuid = {157F6052-1B00-4D0C-9C8B-DACDDF9C8DFF}
	EndGlobalSection
EndGlobal
